
Microsoft Visual Studio Solution File, Format Version 12.00
# Visual Studio Version 17
VisualStudioVersion = 17.4.33205.214
MinimumVisualStudioVersion = 10.0.40219.1
Project("{888888A0-9F3D-457C-B088-3A5042F75D52}") = "Проект 5", "Проект 5.pyproj", "{E72BF54B-ADFB-4906-818A-1F2715D0A1D9}"
EndProject
Global
	GlobalSection(SolutionConfigurationPlatforms) = preSolution
		Debug|Any CPU = Debug|Any CPU
		Release|Any CPU = Release|Any CPU
	EndGlobalSection
	GlobalSection(ProjectConfigurationPlatforms) = postSolution
		{E72BF54B-ADFB-4906-818A-1F2715D0A1D9}.Debug|Any CPU.ActiveCfg = Debug|Any CPU
		{E72BF54B-ADFB-4906-818A-1F2715D0A1D9}.Release|Any CPU.ActiveCfg = Release|Any CPU
	EndGlobalSection
	GlobalSection(SolutionProperties) = preSolution
		HideSolutionNode = FALSE
	EndGlobalSection
	GlobalSection(ExtensibilityGlobals) = postSolution
		SolutionGuid = {14A60476-1C06-4873-8355-08A64BDFE329}
	EndGlobalSection
EndGlobal
